
Microsoft Visual Studio Solution File, Format Version 12.00
Project("{FAE04EC0-301F-11D3-BF4B-00C04F79EFBC}") = "KMS_Altenburger_Andre", "KMS_Altenburger_Andre\KMS_Altenburger_Andre.csproj", "{22994FAF-FC71-4B6A-9C80-AFB0A8CC6349}"
EndProject
Global
	GlobalSection(SolutionConfigurationPlatforms) = preSolution
		Debug|Any CPU = Debug|Any CPU
		Release|Any CPU = Release|Any CPU
	EndGlobalSection
	GlobalSection(ProjectConfigurationPlatforms) = postSolution
		{22994FAF-FC71-4B6A-9C80-AFB0A8CC6349}.Debug|Any CPU.ActiveCfg = Debug|Any CPU
		{22994FAF-FC71-4B6A-9C80-AFB0A8CC6349}.Debug|Any CPU.Build.0 = Debug|Any CPU
		{22994FAF-FC71-4B6A-9C80-AFB0A8CC6349}.Release|Any CPU.ActiveCfg = Release|Any CPU
		{22994FAF-FC71-4B6A-9C80-AFB0A8CC6349}.Release|Any CPU.Build.0 = Release|Any CPU
	EndGlobalSection
EndGlobal
